
Microsoft Visual Studio Solution File, Format Version 12.00
# Visual Studio 15
VisualStudioVersion = 15.0.26730.12
MinimumVisualStudioVersion = 10.0.40219.1
Project("{FAE04EC0-301F-11D3-BF4B-00C04F79EFBC}") = "SGMGI", "SGMGI\SGMGI.csproj", "{0B318078-5DD3-4E37-ABF3-26BE76D52F2C}"
EndProject
Global
	GlobalSection(SolutionConfigurationPlatforms) = preSolution
		Debug|Any CPU = Debug|Any CPU
		Release|Any CPU = Release|Any CPU
	EndGlobalSection
	GlobalSection(ProjectConfigurationPlatforms) = postSolution
		{0B318078-5DD3-4E37-ABF3-26BE76D52F2C}.Debug|Any CPU.ActiveCfg = Debug|Any CPU
		{0B318078-5DD3-4E37-ABF3-26BE76D52F2C}.Debug|Any CPU.Build.0 = Debug|Any CPU
		{0B318078-5DD3-4E37-ABF3-26BE76D52F2C}.Release|Any CPU.ActiveCfg = Release|Any CPU
		{0B318078-5DD3-4E37-ABF3-26BE76D52F2C}.Release|Any CPU.Build.0 = Release|Any CPU
	EndGlobalSection
	GlobalSection(SolutionProperties) = preSolution
		HideSolutionNode = FALSE
	EndGlobalSection
	GlobalSection(ExtensibilityGlobals) = postSolution
		SolutionGuid = {E7675263-A17E-41C3-932F-C9B833618EF3}
	EndGlobalSection
EndGlobal
