
Microsoft Visual Studio Solution File, Format Version 12.00
# Visual Studio 15
VisualStudioVersion = 15.0.26730.12
MinimumVisualStudioVersion = 10.0.40219.1
Project("{FAE04EC0-301F-11D3-BF4B-00C04F79EFBC}") = "Metroid_SR_Btxt_Creator", "Metroid_SR_Btxt_Creator\Metroid_SR_Btxt_Creator.csproj", "{8E37D2E9-566E-40B2-B35A-EFE192E5583F}"
EndProject
Global
	GlobalSection(SolutionConfigurationPlatforms) = preSolution
		Debug|Any CPU = Debug|Any CPU
		Release|Any CPU = Release|Any CPU
	EndGlobalSection
	GlobalSection(ProjectConfigurationPlatforms) = postSolution
		{8E37D2E9-566E-40B2-B35A-EFE192E5583F}.Debug|Any CPU.ActiveCfg = Debug|Any CPU
		{8E37D2E9-566E-40B2-B35A-EFE192E5583F}.Debug|Any CPU.Build.0 = Debug|Any CPU
		{8E37D2E9-566E-40B2-B35A-EFE192E5583F}.Release|Any CPU.ActiveCfg = Release|Any CPU
		{8E37D2E9-566E-40B2-B35A-EFE192E5583F}.Release|Any CPU.Build.0 = Release|Any CPU
	EndGlobalSection
	GlobalSection(SolutionProperties) = preSolution
		HideSolutionNode = FALSE
	EndGlobalSection
	GlobalSection(ExtensibilityGlobals) = postSolution
		SolutionGuid = {010BEF6B-62FC-4C82-96AF-BA8E98C011DE}
	EndGlobalSection
EndGlobal
