
Microsoft Visual Studio Solution File, Format Version 12.00
# Visual Studio 15
VisualStudioVersion = 15.0.26730.12
MinimumVisualStudioVersion = 10.0.40219.1
Project("{FAE04EC0-301F-11D3-BF4B-00C04F79EFBC}") = "Drill_Inserter", "Drill_Inserter\Drill_Inserter.csproj", "{A56BBD82-E3F1-4BFC-9732-56B918708AA0}"
EndProject
Global
	GlobalSection(SolutionConfigurationPlatforms) = preSolution
		Debug|Any CPU = Debug|Any CPU
		Release|Any CPU = Release|Any CPU
	EndGlobalSection
	GlobalSection(ProjectConfigurationPlatforms) = postSolution
		{A56BBD82-E3F1-4BFC-9732-56B918708AA0}.Debug|Any CPU.ActiveCfg = Debug|Any CPU
		{A56BBD82-E3F1-4BFC-9732-56B918708AA0}.Debug|Any CPU.Build.0 = Debug|Any CPU
		{A56BBD82-E3F1-4BFC-9732-56B918708AA0}.Release|Any CPU.ActiveCfg = Release|Any CPU
		{A56BBD82-E3F1-4BFC-9732-56B918708AA0}.Release|Any CPU.Build.0 = Release|Any CPU
	EndGlobalSection
	GlobalSection(SolutionProperties) = preSolution
		HideSolutionNode = FALSE
	EndGlobalSection
	GlobalSection(ExtensibilityGlobals) = postSolution
		SolutionGuid = {8F8A16FC-2477-47C6-81E8-8572E4468C88}
	EndGlobalSection
EndGlobal
